
Microsoft Visual Studio Solution File, Format Version 12.00
# Visual Studio Version 17
VisualStudioVersion = 17.6.33815.320
MinimumVisualStudioVersion = 10.0.40219.1
Project("{8BC9CEB8-8B4A-11D0-8D11-00A0C91BC942}") = "VehiclesLibraryDynamic", "VehiclesLibraryDynamic.vcxproj", "{EBC761A8-8F22-4F92-BF28-216906821561}"
EndProject
Project("{8BC9CEB8-8B4A-11D0-8D11-00A0C91BC942}") = "VehiclesProject", "..\VehiclesProject\VehiclesProject.vcxproj", "{2C9A2E3A-D735-46C2-81AA-8DD8EF025BA8}"
EndProject
Global
	GlobalSection(SolutionConfigurationPlatforms) = preSolution
		Debug|x64 = Debug|x64
		Debug|x86 = Debug|x86
		Release|x64 = Release|x64
		Release|x86 = Release|x86
	EndGlobalSection
	GlobalSection(ProjectConfigurationPlatforms) = postSolution
		{EBC761A8-8F22-4F92-BF28-216906821561}.Debug|x64.ActiveCfg = Debug|x64
		{EBC761A8-8F22-4F92-BF28-216906821561}.Debug|x64.Build.0 = Debug|x64
		{EBC761A8-8F22-4F92-BF28-216906821561}.Debug|x86.ActiveCfg = Debug|Win32
		{EBC761A8-8F22-4F92-BF28-216906821561}.Debug|x86.Build.0 = Debug|Win32
		{EBC761A8-8F22-4F92-BF28-216906821561}.Release|x64.ActiveCfg = Release|x64
		{EBC761A8-8F22-4F92-BF28-216906821561}.Release|x64.Build.0 = Release|x64
		{EBC761A8-8F22-4F92-BF28-216906821561}.Release|x86.ActiveCfg = Release|Win32
		{EBC761A8-8F22-4F92-BF28-216906821561}.Release|x86.Build.0 = Release|Win32
		{2C9A2E3A-D735-46C2-81AA-8DD8EF025BA8}.Debug|x64.ActiveCfg = Debug|x64
		{2C9A2E3A-D735-46C2-81AA-8DD8EF025BA8}.Debug|x64.Build.0 = Debug|x64
		{2C9A2E3A-D735-46C2-81AA-8DD8EF025BA8}.Debug|x86.ActiveCfg = Debug|Win32
		{2C9A2E3A-D735-46C2-81AA-8DD8EF025BA8}.Debug|x86.Build.0 = Debug|Win32
		{2C9A2E3A-D735-46C2-81AA-8DD8EF025BA8}.Release|x64.ActiveCfg = Release|x64
		{2C9A2E3A-D735-46C2-81AA-8DD8EF025BA8}.Release|x64.Build.0 = Release|x64
		{2C9A2E3A-D735-46C2-81AA-8DD8EF025BA8}.Release|x86.ActiveCfg = Release|Win32
		{2C9A2E3A-D735-46C2-81AA-8DD8EF025BA8}.Release|x86.Build.0 = Release|Win32
	EndGlobalSection
	GlobalSection(SolutionProperties) = preSolution
		HideSolutionNode = FALSE
	EndGlobalSection
	GlobalSection(ExtensibilityGlobals) = postSolution
		SolutionGuid = {79879EC4-71BE-4448-AC03-B6AA590E026E}
	EndGlobalSection
EndGlobal
